// !$*UTF8*$!
{
	archiveVersion = 1;
	classes = {
	};
	objectVersion = 50;
	objects = {

/* Begin PBXBuildFile section */
		FC6491602427B86500A26CA7 /* AppDelegate.swift in Sources */ = {isa = PBXBuildFile; fileRef = FC64915F2427B86500A26CA7 /* AppDelegate.swift */; };
		FC6491622427B86500A26CA7 /* SceneDelegate.swift in Sources */ = {isa = PBXBuildFile; fileRef = FC6491612427B86500A26CA7 /* SceneDelegate.swift */; };
		FC6491642427B86500A26CA7 /* ViewController.swift in Sources */ = {isa = PBXBuildFile; fileRef = FC6491632427B86500A26CA7 /* ViewController.swift */; };
		FC6491672427B86500A26CA7 /* Main.storyboard in Resources */ = {isa = PBXBuildFile; fileRef = FC6491652427B86500A26CA7 /* Main.storyboard */; };
		FC6491692427B86700A26CA7 /* Assets.xcassets in Resources */ = {isa = PBXBuildFile; fileRef = FC6491682427B86700A26CA7 /* Assets.xcassets */; };
		FC64916C2427B86700A26CA7 /* LaunchScreen.storyboard in Resources */ = {isa = PBXBuildFile; fileRef = FC64916A2427B86700A26CA7 /* LaunchScreen.storyboard */; };
		FC6491742427BE8B00A26CA7 /* DetailViewController.swift in Sources */ = {isa = PBXBuildFile; fileRef = FC6491732427BE8B00A26CA7 /* DetailViewController.swift */; };
		FC6491762427C0D100A26CA7 /* Note.swift in Sources */ = {isa = PBXBuildFile; fileRef = FC6491752427C0D100A26CA7 /* Note.swift */; };
/* End PBXBuildFile section */

/* Begin PBXFileReference section */
		FC64915C2427B86500A26CA7 /* Consolidation6.app */ = {isa = PBXFileReference; explicitFileType = wrapper.application; includeInIndex = 0; path = Consolidation6.app; sourceTree = BUILT_PRODUCTS_DIR; };
		FC64915F2427B86500A26CA7 /* AppDelegate.swift */ = {isa = PBXFileReference; lastKnownFileType = sourcecode.swift; path = AppDelegate.swift; sourceTree = "<group>"; };
		FC6491612427B86500A26CA7 /* SceneDelegate.swift */ = {isa = PBXFileReference; lastKnownFileType = sourcecode.swift; path = SceneDelegate.swift; sourceTree = "<group>"; };
		FC6491632427B86500A26CA7 /* ViewController.swift */ = {isa = PBXFileReference; lastKnownFileType = sourcecode.swift; path = ViewController.swift; sourceTree = "<group>"; };
		FC6491662427B86500A26CA7 /* Base */ = {isa = PBXFileReference; lastKnownFileType = file.storyboard; name = Base; path = Base.lproj/Main.storyboard; sourceTree = "<group>"; };
		FC6491682427B86700A26CA7 /* Assets.xcassets */ = {isa = PBXFileReference; lastKnownFileType = folder.assetcatalog; path = Assets.xcassets; sourceTree = "<group>"; };
		FC64916B2427B86700A26CA7 /* Base */ = {isa = PBXFileReference; lastKnownFileType = file.storyboard; name = Base; path = Base.lproj/LaunchScreen.storyboard; sourceTree = "<group>"; };
		FC64916D2427B86700A26CA7 /* Info.plist */ = {isa = PBXFileReference; lastKnownFileType = text.plist.xml; path = Info.plist; sourceTree = "<group>"; };
		FC6491732427BE8B00A26CA7 /* DetailViewController.swift */ = {isa = PBXFileReference; lastKnownFileType = sourcecode.swift; path = DetailViewController.swift; sourceTree = "<group>"; };
		FC6491752427C0D100A26CA7 /* Note.swift */ = {isa = PBXFileReference; lastKnownFileType = sourcecode.swift; path = Note.swift; sourceTree = "<group>"; };
/* End PBXFileReference section */

/* Begin PBXFrameworksBuildPhase section */
		FC6491592427B86500A26CA7 /* Frameworks */ = {
			isa = PBXFrameworksBuildPhase;
			buildActionMask = 2147483647;
			files = (
			);
			runOnlyForDeploymentPostprocessing = 0;
		};
/* End PBXFrameworksBuildPhase section */

/* Begin PBXGroup section */
		FC6491532427B86500A26CA7 = {
			isa = PBXGroup;
			children = (
				FC64915E2427B86500A26CA7 /* Consolidation6 */,
				FC64915D2427B86500A26CA7 /* Products */,
			);
			sourceTree = "<group>";
		};
		FC64915D2427B86500A26CA7 /* Products */ = {
			isa = PBXGroup;
			children = (
				FC64915C2427B86500A26CA7 /* Consolidation6.app */,
			);
			name = Products;
			sourceTree = "<group>";
		};
		FC64915E2427B86500A26CA7 /* Consolidation6 */ = {
			isa = PBXGroup;
			children = (
				FC64915F2427B86500A26CA7 /* AppDelegate.swift */,
				FC6491612427B86500A26CA7 /* SceneDelegate.swift */,
				FC6491632427B86500A26CA7 /* ViewController.swift */,
				FC6491732427BE8B00A26CA7 /* DetailViewController.swift */,
				FC6491652427B86500A26CA7 /* Main.storyboard */,
				FC6491752427C0D100A26CA7 /* Note.swift */,
				FC6491682427B86700A26CA7 /* Assets.xcassets */,
				FC64916A2427B86700A26CA7 /* LaunchScreen.storyboard */,
				FC64916D2427B86700A26CA7 /* Info.plist */,
			);
			path = Consolidation6;
			sourceTree = "<group>";
		};
/* End PBXGroup section */

/* Begin PBXNativeTarget section */
		FC64915B2427B86500A26CA7 /* Consolidation6 */ = {
			isa = PBXNativeTarget;
			buildConfigurationList = FC6491702427B86700A26CA7 /* Build configuration list for PBXNativeTarget "Consolidation6" */;
			buildPhases = (
				FC6491582427B86500A26CA7 /* Sources */,
				FC6491592427B86500A26CA7 /* Frameworks */,
				FC64915A2427B86500A26CA7 /* Resources */,
			);
			buildRules = (
			);
			dependencies = (
			);
			name = Consolidation6;
			productName = Consolidation6;
			productReference = FC64915C2427B86500A26CA7 /* Consolidation6.app */;
			productType = "com.apple.product-type.application";
		};
/* End PBXNativeTarget section */

/* Begin PBXProject section */
		FC6491542427B86500A26CA7 /* Project object */ = {
			isa = PBXProject;
			attributes = {
				LastSwiftUpdateCheck = 1130;
				LastUpgradeCheck = 1130;
				ORGANIZATIONNAME = "Roberto Gutiérrez";
				TargetAttributes = {
					FC64915B2427B86500A26CA7 = {
						CreatedOnToolsVersion = 11.3.1;
					};
				};
			};
			buildConfigurationList = FC6491572427B86500A26CA7 /* Build configuration list for PBXProject "Consolidation6" */;
			compatibilityVersion = "Xcode 9.3";
			developmentRegion = en;
			hasScannedForEncodings = 0;
			knownRegions = (
				en,
				Base,
			);
			mainGroup = FC6491532427B86500A26CA7;
			productRefGroup = FC64915D2427B86500A26CA7 /* Products */;
			projectDirPath = "";
			projectRoot = "";
			targets = (
				FC64915B2427B86500A26CA7 /* Consolidation6 */,
			);
		};
/* End PBXProject section */

/* Begin PBXResourcesBuildPhase section */
		FC64915A2427B86500A26CA7 /* Resources */ = {
			isa = PBXResourcesBuildPhase;
			buildActionMask = 2147483647;
			files = (
				FC64916C2427B86700A26CA7 /* LaunchScreen.storyboard in Resources */,
				FC6491692427B86700A26CA7 /* Assets.xcassets in Resources */,
				FC6491672427B86500A26CA7 /* Main.storyboard in Resources */,
			);
			runOnlyForDeploymentPostprocessing = 0;
		};
/* End PBXResourcesBuildPhase section */

/* Begin PBXSourcesBuildPhase section */
		FC6491582427B86500A26CA7 /* Sources */ = {
			isa = PBXSourcesBuildPhase;
			buildActionMask = 2147483647;
			files = (
				FC6491762427C0D100A26CA7 /* Note.swift in Sources */,
				FC6491642427B86500A26CA7 /* ViewController.swift in Sources */,
				FC6491602427B86500A26CA7 /* AppDelegate.swift in Sources */,
				FC6491622427B86500A26CA7 /* SceneDelegate.swift in Sources */,
				FC6491742427BE8B00A26CA7 /* DetailViewController.swift in Sources */,
			);
			runOnlyForDeploymentPostprocessing = 0;
		};
/* End PBXSourcesBuildPhase section */

/* Begin PBXVariantGroup section */
		FC6491652427B86500A26CA7 /* Main.storyboard */ = {
			isa = PBXVariantGroup;
			children = (
				FC6491662427B86500A26CA7 /* Base */,
			);
			name = Main.storyboard;
			sourceTree = "<group>";
		};
		FC64916A2427B86700A26CA7 /* LaunchScreen.storyboard */ = {
			isa = PBXVariantGroup;
			children = (
				FC64916B2427B86700A26CA7 /* Base */,
			);
			name = LaunchScreen.storyboard;
			sourceTree = "<group>";
		};
/* End PBXVariantGroup section */

/* Begin XCBuildConfiguration section */
		FC64916E2427B86700A26CA7 /* Debug */ = {
			isa = XCBuildConfiguration;
			buildSettings = {
				ALWAYS_SEARCH_USER_PATHS = NO;
				CLANG_ANALYZER_NONNULL = YES;
				CLANG_ANALYZER_NUMBER_OBJECT_CONVERSION = YES_AGGRESSIVE;
				CLANG_CXX_LANGUAGE_STANDARD = "gnu++14";
				CLANG_CXX_LIBRARY = "libc++";
				CLANG_ENABLE_MODULES = YES;
				CLANG_ENABLE_OBJC_ARC = YES;
				CLANG_ENABLE_OBJC_WEAK = YES;
				CLANG_WARN_BLOCK_CAPTURE_AUTORELEASING = YES;
				CLANG_WARN_BOOL_CONVERSION = YES;
				CLANG_WARN_COMMA = YES;
				CLANG_WARN_CONSTANT_CONVERSION = YES;
				CLANG_WARN_DEPRECATED_OBJC_IMPLEMENTATIONS = YES;
				CLANG_WARN_DIRECT_OBJC_ISA_USAGE = YES_ERROR;
				CLANG_WARN_DOCUMENTATION_COMMENTS = YES;
				CLANG_WARN_EMPTY_BODY = YES;
				CLANG_WARN_ENUM_CONVERSION = YES;
				CLANG_WARN_INFINITE_RECURSION = YES;
				CLANG_WARN_INT_CONVERSION = YES;
				CLANG_WARN_NON_LITERAL_NULL_CONVERSION = YES;
				CLANG_WARN_OBJC_IMPLICIT_RETAIN_SELF = YES;
				CLANG_WARN_OBJC_LITERAL_CONVERSION = YES;
				CLANG_WARN_OBJC_ROOT_CLASS = YES_ERROR;
				CLANG_WARN_RANGE_LOOP_ANALYSIS = YES;
				CLANG_WARN_STRICT_PROTOTYPES = YES;
				CLANG_WARN_SUSPICIOUS_MOVE = YES;
				CLANG_WARN_UNGUARDED_AVAILABILITY = YES_AGGRESSIVE;
				CLANG_WARN_UNREACHABLE_CODE = YES;
				CLANG_WARN__DUPLICATE_METHOD_MATCH = YES;
				COPY_PHASE_STRIP = NO;
				DEBUG_INFORMATION_FORMAT = dwarf;
				ENABLE_STRICT_OBJC_MSGSEND = YES;
				ENABLE_TESTABILITY = YES;
				GCC_C_LANGUAGE_STANDARD = gnu11;
				GCC_DYNAMIC_NO_PIC = NO;
				GCC_NO_COMMON_BLOCKS = YES;
				GCC_OPTIMIZATION_LEVEL = 0;
				GCC_PREPROCESSOR_DEFINITIONS = (
					"DEBUG=1",
					"$(inherited)",
				);
				GCC_WARN_64_TO_32_BIT_CONVERSION = YES;
				GCC_WARN_ABOUT_RETURN_TYPE = YES_ERROR;
				GCC_WARN_UNDECLARED_SELECTOR = YES;
				GCC_WARN_UNINITIALIZED_AUTOS = YES_AGGRESSIVE;
				GCC_WARN_UNUSED_FUNCTION = YES;
				GCC_WARN_UNUSED_VARIABLE = YES;
				IPHONEOS_DEPLOYMENT_TARGET = 13.2;
				MTL_ENABLE_DEBUG_INFO = INCLUDE_SOURCE;
				MTL_FAST_MATH = YES;
				ONLY_ACTIVE_ARCH = YES;
				SDKROOT = iphoneos;
				SWIFT_ACTIVE_COMPILATION_CONDITIONS = DEBUG;
				SWIFT_OPTIMIZATION_LEVEL = "-Onone";
			};
			name = Debug;
		};
		FC64916F2427B86700A26CA7 /* Release */ = {
			isa = XCBuildConfiguration;
			buildSettings = {
				ALWAYS_SEARCH_USER_PATHS = NO;
				CLANG_ANALYZER_NONNULL = YES;
				CLANG_ANALYZER_NUMBER_OBJECT_CONVERSION = YES_AGGRESSIVE;
				CLANG_CXX_LANGUAGE_STANDARD = "gnu++14";
				CLANG_CXX_LIBRARY = "libc++";
				CLANG_ENABLE_MODULES = YES;
				CLANG_ENABLE_OBJC_ARC = YES;
				CLANG_ENABLE_OBJC_WEAK = YES;
				CLANG_WARN_BLOCK_CAPTURE_AUTORELEASING = YES;
				CLANG_WARN_BOOL_CONVERSION = YES;
				CLANG_WARN_COMMA = YES;
				CLANG_WARN_CONSTANT_CONVERSION = YES;
				CLANG_WARN_DEPRECATED_OBJC_IMPLEMENTATIONS = YES;
				CLANG_WARN_DIRECT_OBJC_ISA_USAGE = YES_ERROR;
				CLANG_WARN_DOCUMENTATION_COMMENTS = YES;
				CLANG_WARN_EMPTY_BODY = YES;
				CLANG_WARN_ENUM_CONVERSION = YES;
				CLANG_WARN_INFINITE_RECURSION = YES;
				CLANG_WARN_INT_CONVERSION = YES;
				CLANG_WARN_NON_LITERAL_NULL_CONVERSION = YES;
				CLANG_WARN_OBJC_IMPLICIT_RETAIN_SELF = YES;
				CLANG_WARN_OBJC_LITERAL_CONVERSION = YES;
				CLANG_WARN_OBJC_ROOT_CLASS = YES_ERROR;
				CLANG_WARN_RANGE_LOOP_ANALYSIS = YES;
				CLANG_WARN_STRICT_PROTOTYPES = YES;
				CLANG_WARN_SUSPICIOUS_MOVE = YES;
				CLANG_WARN_UNGUARDED_AVAILABILITY = YES_AGGRESSIVE;
				CLANG_WARN_UNREACHABLE_CODE = YES;
				CLANG_WARN__DUPLICATE_METHOD_MATCH = YES;
				COPY_PHASE_STRIP = NO;
				DEBUG_INFORMATION_FORMAT = "dwarf-with-dsym";
				ENABLE_NS_ASSERTIONS = NO;
				ENABLE_STRICT_OBJC_MSGSEND = YES;
				GCC_C_LANGUAGE_STANDARD = gnu11;
				GCC_NO_COMMON_BLOCKS = YES;
				GCC_WARN_64_TO_32_BIT_CONVERSION = YES;
				GCC_WARN_ABOUT_RETURN_TYPE = YES_ERROR;
				GCC_WARN_UNDECLARED_SELECTOR = YES;
				GCC_WARN_UNINITIALIZED_AUTOS = YES_AGGRESSIVE;
				GCC_WARN_UNUSED_FUNCTION = YES;
				GCC_WARN_UNUSED_VARIABLE = YES;
				IPHONEOS_DEPLOYMENT_TARGET = 13.2;
				MTL_ENABLE_DEBUG_INFO = NO;
				MTL_FAST_MATH = YES;
				SDKROOT = iphoneos;
				SWIFT_COMPILATION_MODE = wholemodule;
				SWIFT_OPTIMIZATION_LEVEL = "-O";
				VALIDATE_PRODUCT = YES;
			};
			name = Release;
		};
		FC6491712427B86700A26CA7 /* Debug */ = {
			isa = XCBuildConfiguration;
			buildSettings = {
				ASSETCATALOG_COMPILER_APPICON_NAME = AppIcon;
				CODE_SIGN_STYLE = Automatic;
				DEVELOPMENT_TEAM = QBR3S92T2C;
				INFOPLIST_FILE = Consolidation6/Info.plist;
				LD_RUNPATH_SEARCH_PATHS = (
					"$(inherited)",
					"@executable_path/Frameworks",
				);
				PRODUCT_BUNDLE_IDENTIFIER = com.example.Consolidation6;
				PRODUCT_NAME = "$(TARGET_NAME)";
				SWIFT_VERSION = 5.0;
				TARGETED_DEVICE_FAMILY = "1,2";
			};
			name = Debug;
		};
		FC6491722427B86700A26CA7 /* Release */ = {
			isa = XCBuildConfiguration;
			buildSettings = {
				ASSETCATALOG_COMPILER_APPICON_NAME = AppIcon;
				CODE_SIGN_STYLE = Automatic;
				DEVELOPMENT_TEAM = QBR3S92T2C;
				INFOPLIST_FILE = Consolidation6/Info.plist;
				LD_RUNPATH_SEARCH_PATHS = (
					"$(inherited)",
					"@executable_path/Frameworks",
				);
				PRODUCT_BUNDLE_IDENTIFIER = com.example.Consolidation6;
				PRODUCT_NAME = "$(TARGET_NAME)";
				SWIFT_VERSION = 5.0;
				TARGETED_DEVICE_FAMILY = "1,2";
			};
			name = Release;
		};
/* End XCBuildConfiguration section */

/* Begin XCConfigurationList section */
		FC6491572427B86500A26CA7 /* Build configuration list for PBXProject "Consolidation6" */ = {
			isa = XCConfigurationList;
			buildConfigurations = (
				FC64916E2427B86700A26CA7 /* Debug */,
				FC64916F2427B86700A26CA7 /* Release */,
			);
			defaultConfigurationIsVisible = 0;
			defaultConfigurationName = Release;
		};
		FC6491702427B86700A26CA7 /* Build configuration list for PBXNativeTarget "Consolidation6" */ = {
			isa = XCConfigurationList;
			buildConfigurations = (
				FC6491712427B86700A26CA7 /* Debug */,
				FC6491722427B86700A26CA7 /* Release */,
			);
			defaultConfigurationIsVisible = 0;
			defaultConfigurationName = Release;
		};
/* End XCConfigurationList section */
	};
	rootObject = FC6491542427B86500A26CA7 /* Project object */;
}
