// !$*UTF8*$!
{
	archiveVersion = 1;
	classes = {
	};
	objectVersion = 50;
	objects = {

/* Begin PBXBuildFile section */
		FCB12ADB2421B54D0008D7AA /* AppDelegate.swift in Sources */ = {isa = PBXBuildFile; fileRef = FCB12ADA2421B54D0008D7AA /* AppDelegate.swift */; };
		FCB12ADD2421B54D0008D7AA /* GameScene.sks in Resources */ = {isa = PBXBuildFile; fileRef = FCB12ADC2421B54D0008D7AA /* GameScene.sks */; };
		FCB12AE12421B54D0008D7AA /* GameScene.swift in Sources */ = {isa = PBXBuildFile; fileRef = FCB12AE02421B54D0008D7AA /* GameScene.swift */; };
		FCB12AE32421B54D0008D7AA /* GameViewController.swift in Sources */ = {isa = PBXBuildFile; fileRef = FCB12AE22421B54D0008D7AA /* GameViewController.swift */; };
		FCB12AE62421B54D0008D7AA /* Main.storyboard in Resources */ = {isa = PBXBuildFile; fileRef = FCB12AE42421B54D0008D7AA /* Main.storyboard */; };
		FCB12AE82421B54F0008D7AA /* Assets.xcassets in Resources */ = {isa = PBXBuildFile; fileRef = FCB12AE72421B54F0008D7AA /* Assets.xcassets */; };
		FCB12AEB2421B54F0008D7AA /* LaunchScreen.storyboard in Resources */ = {isa = PBXBuildFile; fileRef = FCB12AE92421B54F0008D7AA /* LaunchScreen.storyboard */; };
		FCB12AF52421C28D0008D7AA /* explode.sks in Resources */ = {isa = PBXBuildFile; fileRef = FCB12AF42421C28D0008D7AA /* explode.sks */; };
		FCB12AF72421C2A90008D7AA /* fuse.sks in Resources */ = {isa = PBXBuildFile; fileRef = FCB12AF62421C2A90008D7AA /* fuse.sks */; };
/* End PBXBuildFile section */

/* Begin PBXFileReference section */
		FCB12AD72421B54D0008D7AA /* Project20.app */ = {isa = PBXFileReference; explicitFileType = wrapper.application; includeInIndex = 0; path = Project20.app; sourceTree = BUILT_PRODUCTS_DIR; };
		FCB12ADA2421B54D0008D7AA /* AppDelegate.swift */ = {isa = PBXFileReference; lastKnownFileType = sourcecode.swift; path = AppDelegate.swift; sourceTree = "<group>"; };
		FCB12ADC2421B54D0008D7AA /* GameScene.sks */ = {isa = PBXFileReference; lastKnownFileType = file.sks; path = GameScene.sks; sourceTree = "<group>"; };
		FCB12AE02421B54D0008D7AA /* GameScene.swift */ = {isa = PBXFileReference; lastKnownFileType = sourcecode.swift; path = GameScene.swift; sourceTree = "<group>"; };
		FCB12AE22421B54D0008D7AA /* GameViewController.swift */ = {isa = PBXFileReference; lastKnownFileType = sourcecode.swift; path = GameViewController.swift; sourceTree = "<group>"; };
		FCB12AE52421B54D0008D7AA /* Base */ = {isa = PBXFileReference; lastKnownFileType = file.storyboard; name = Base; path = Base.lproj/Main.storyboard; sourceTree = "<group>"; };
		FCB12AE72421B54F0008D7AA /* Assets.xcassets */ = {isa = PBXFileReference; lastKnownFileType = folder.assetcatalog; path = Assets.xcassets; sourceTree = "<group>"; };
		FCB12AEA2421B54F0008D7AA /* Base */ = {isa = PBXFileReference; lastKnownFileType = file.storyboard; name = Base; path = Base.lproj/LaunchScreen.storyboard; sourceTree = "<group>"; };
		FCB12AEC2421B54F0008D7AA /* Info.plist */ = {isa = PBXFileReference; lastKnownFileType = text.plist.xml; path = Info.plist; sourceTree = "<group>"; };
		FCB12AF42421C28D0008D7AA /* explode.sks */ = {isa = PBXFileReference; lastKnownFileType = file.sks; path = explode.sks; sourceTree = "<group>"; };
		FCB12AF62421C2A90008D7AA /* fuse.sks */ = {isa = PBXFileReference; lastKnownFileType = file.sks; path = fuse.sks; sourceTree = "<group>"; };
/* End PBXFileReference section */

/* Begin PBXFrameworksBuildPhase section */
		FCB12AD42421B54D0008D7AA /* Frameworks */ = {
			isa = PBXFrameworksBuildPhase;
			buildActionMask = 2147483647;
			files = (
			);
			runOnlyForDeploymentPostprocessing = 0;
		};
/* End PBXFrameworksBuildPhase section */

/* Begin PBXGroup section */
		FCB12ACE2421B54D0008D7AA = {
			isa = PBXGroup;
			children = (
				FCB12AD92421B54D0008D7AA /* Project20 */,
				FCB12AD82421B54D0008D7AA /* Products */,
			);
			sourceTree = "<group>";
		};
		FCB12AD82421B54D0008D7AA /* Products */ = {
			isa = PBXGroup;
			children = (
				FCB12AD72421B54D0008D7AA /* Project20.app */,
			);
			name = Products;
			sourceTree = "<group>";
		};
		FCB12AD92421B54D0008D7AA /* Project20 */ = {
			isa = PBXGroup;
			children = (
				FCB12ADA2421B54D0008D7AA /* AppDelegate.swift */,
				FCB12ADC2421B54D0008D7AA /* GameScene.sks */,
				FCB12AE02421B54D0008D7AA /* GameScene.swift */,
				FCB12AE22421B54D0008D7AA /* GameViewController.swift */,
				FCB12AE42421B54D0008D7AA /* Main.storyboard */,
				FCB12AE72421B54F0008D7AA /* Assets.xcassets */,
				FCB12AE92421B54F0008D7AA /* LaunchScreen.storyboard */,
				FCB12AEC2421B54F0008D7AA /* Info.plist */,
				FCB12AF42421C28D0008D7AA /* explode.sks */,
				FCB12AF62421C2A90008D7AA /* fuse.sks */,
			);
			path = Project20;
			sourceTree = "<group>";
		};
/* End PBXGroup section */

/* Begin PBXNativeTarget section */
		FCB12AD62421B54D0008D7AA /* Project20 */ = {
			isa = PBXNativeTarget;
			buildConfigurationList = FCB12AEF2421B54F0008D7AA /* Build configuration list for PBXNativeTarget "Project20" */;
			buildPhases = (
				FCB12AD32421B54D0008D7AA /* Sources */,
				FCB12AD42421B54D0008D7AA /* Frameworks */,
				FCB12AD52421B54D0008D7AA /* Resources */,
			);
			buildRules = (
			);
			dependencies = (
			);
			name = Project20;
			productName = Project20;
			productReference = FCB12AD72421B54D0008D7AA /* Project20.app */;
			productType = "com.apple.product-type.application";
		};
/* End PBXNativeTarget section */

/* Begin PBXProject section */
		FCB12ACF2421B54D0008D7AA /* Project object */ = {
			isa = PBXProject;
			attributes = {
				LastSwiftUpdateCheck = 1130;
				LastUpgradeCheck = 1130;
				ORGANIZATIONNAME = "Roberto Gutiérrez";
				TargetAttributes = {
					FCB12AD62421B54D0008D7AA = {
						CreatedOnToolsVersion = 11.3.1;
					};
				};
			};
			buildConfigurationList = FCB12AD22421B54D0008D7AA /* Build configuration list for PBXProject "Project20" */;
			compatibilityVersion = "Xcode 9.3";
			developmentRegion = en;
			hasScannedForEncodings = 0;
			knownRegions = (
				en,
				Base,
			);
			mainGroup = FCB12ACE2421B54D0008D7AA;
			productRefGroup = FCB12AD82421B54D0008D7AA /* Products */;
			projectDirPath = "";
			projectRoot = "";
			targets = (
				FCB12AD62421B54D0008D7AA /* Project20 */,
			);
		};
/* End PBXProject section */

/* Begin PBXResourcesBuildPhase section */
		FCB12AD52421B54D0008D7AA /* Resources */ = {
			isa = PBXResourcesBuildPhase;
			buildActionMask = 2147483647;
			files = (
				FCB12AE62421B54D0008D7AA /* Main.storyboard in Resources */,
				FCB12ADD2421B54D0008D7AA /* GameScene.sks in Resources */,
				FCB12AF72421C2A90008D7AA /* fuse.sks in Resources */,
				FCB12AE82421B54F0008D7AA /* Assets.xcassets in Resources */,
				FCB12AF52421C28D0008D7AA /* explode.sks in Resources */,
				FCB12AEB2421B54F0008D7AA /* LaunchScreen.storyboard in Resources */,
			);
			runOnlyForDeploymentPostprocessing = 0;
		};
/* End PBXResourcesBuildPhase section */

/* Begin PBXSourcesBuildPhase section */
		FCB12AD32421B54D0008D7AA /* Sources */ = {
			isa = PBXSourcesBuildPhase;
			buildActionMask = 2147483647;
			files = (
				FCB12AE12421B54D0008D7AA /* GameScene.swift in Sources */,
				FCB12AE32421B54D0008D7AA /* GameViewController.swift in Sources */,
				FCB12ADB2421B54D0008D7AA /* AppDelegate.swift in Sources */,
			);
			runOnlyForDeploymentPostprocessing = 0;
		};
/* End PBXSourcesBuildPhase section */

/* Begin PBXVariantGroup section */
		FCB12AE42421B54D0008D7AA /* Main.storyboard */ = {
			isa = PBXVariantGroup;
			children = (
				FCB12AE52421B54D0008D7AA /* Base */,
			);
			name = Main.storyboard;
			sourceTree = "<group>";
		};
		FCB12AE92421B54F0008D7AA /* LaunchScreen.storyboard */ = {
			isa = PBXVariantGroup;
			children = (
				FCB12AEA2421B54F0008D7AA /* Base */,
			);
			name = LaunchScreen.storyboard;
			sourceTree = "<group>";
		};
/* End PBXVariantGroup section */

/* Begin XCBuildConfiguration section */
		FCB12AED2421B54F0008D7AA /* Debug */ = {
			isa = XCBuildConfiguration;
			buildSettings = {
				ALWAYS_SEARCH_USER_PATHS = NO;
				CLANG_ANALYZER_NONNULL = YES;
				CLANG_ANALYZER_NUMBER_OBJECT_CONVERSION = YES_AGGRESSIVE;
				CLANG_CXX_LANGUAGE_STANDARD = "gnu++14";
				CLANG_CXX_LIBRARY = "libc++";
				CLANG_ENABLE_MODULES = YES;
				CLANG_ENABLE_OBJC_ARC = YES;
				CLANG_ENABLE_OBJC_WEAK = YES;
				CLANG_WARN_BLOCK_CAPTURE_AUTORELEASING = YES;
				CLANG_WARN_BOOL_CONVERSION = YES;
				CLANG_WARN_COMMA = YES;
				CLANG_WARN_CONSTANT_CONVERSION = YES;
				CLANG_WARN_DEPRECATED_OBJC_IMPLEMENTATIONS = YES;
				CLANG_WARN_DIRECT_OBJC_ISA_USAGE = YES_ERROR;
				CLANG_WARN_DOCUMENTATION_COMMENTS = YES;
				CLANG_WARN_EMPTY_BODY = YES;
				CLANG_WARN_ENUM_CONVERSION = YES;
				CLANG_WARN_INFINITE_RECURSION = YES;
				CLANG_WARN_INT_CONVERSION = YES;
				CLANG_WARN_NON_LITERAL_NULL_CONVERSION = YES;
				CLANG_WARN_OBJC_IMPLICIT_RETAIN_SELF = YES;
				CLANG_WARN_OBJC_LITERAL_CONVERSION = YES;
				CLANG_WARN_OBJC_ROOT_CLASS = YES_ERROR;
				CLANG_WARN_RANGE_LOOP_ANALYSIS = YES;
				CLANG_WARN_STRICT_PROTOTYPES = YES;
				CLANG_WARN_SUSPICIOUS_MOVE = YES;
				CLANG_WARN_UNGUARDED_AVAILABILITY = YES_AGGRESSIVE;
				CLANG_WARN_UNREACHABLE_CODE = YES;
				CLANG_WARN__DUPLICATE_METHOD_MATCH = YES;
				COPY_PHASE_STRIP = NO;
				DEBUG_INFORMATION_FORMAT = dwarf;
				ENABLE_STRICT_OBJC_MSGSEND = YES;
				ENABLE_TESTABILITY = YES;
				GCC_C_LANGUAGE_STANDARD = gnu11;
				GCC_DYNAMIC_NO_PIC = NO;
				GCC_NO_COMMON_BLOCKS = YES;
				GCC_OPTIMIZATION_LEVEL = 0;
				GCC_PREPROCESSOR_DEFINITIONS = (
					"DEBUG=1",
					"$(inherited)",
				);
				GCC_WARN_64_TO_32_BIT_CONVERSION = YES;
				GCC_WARN_ABOUT_RETURN_TYPE = YES_ERROR;
				GCC_WARN_UNDECLARED_SELECTOR = YES;
				GCC_WARN_UNINITIALIZED_AUTOS = YES_AGGRESSIVE;
				GCC_WARN_UNUSED_FUNCTION = YES;
				GCC_WARN_UNUSED_VARIABLE = YES;
				IPHONEOS_DEPLOYMENT_TARGET = 13.2;
				MTL_ENABLE_DEBUG_INFO = INCLUDE_SOURCE;
				MTL_FAST_MATH = YES;
				ONLY_ACTIVE_ARCH = YES;
				SDKROOT = iphoneos;
				SWIFT_ACTIVE_COMPILATION_CONDITIONS = DEBUG;
				SWIFT_OPTIMIZATION_LEVEL = "-Onone";
			};
			name = Debug;
		};
		FCB12AEE2421B54F0008D7AA /* Release */ = {
			isa = XCBuildConfiguration;
			buildSettings = {
				ALWAYS_SEARCH_USER_PATHS = NO;
				CLANG_ANALYZER_NONNULL = YES;
				CLANG_ANALYZER_NUMBER_OBJECT_CONVERSION = YES_AGGRESSIVE;
				CLANG_CXX_LANGUAGE_STANDARD = "gnu++14";
				CLANG_CXX_LIBRARY = "libc++";
				CLANG_ENABLE_MODULES = YES;
				CLANG_ENABLE_OBJC_ARC = YES;
				CLANG_ENABLE_OBJC_WEAK = YES;
				CLANG_WARN_BLOCK_CAPTURE_AUTORELEASING = YES;
				CLANG_WARN_BOOL_CONVERSION = YES;
				CLANG_WARN_COMMA = YES;
				CLANG_WARN_CONSTANT_CONVERSION = YES;
				CLANG_WARN_DEPRECATED_OBJC_IMPLEMENTATIONS = YES;
				CLANG_WARN_DIRECT_OBJC_ISA_USAGE = YES_ERROR;
				CLANG_WARN_DOCUMENTATION_COMMENTS = YES;
				CLANG_WARN_EMPTY_BODY = YES;
				CLANG_WARN_ENUM_CONVERSION = YES;
				CLANG_WARN_INFINITE_RECURSION = YES;
				CLANG_WARN_INT_CONVERSION = YES;
				CLANG_WARN_NON_LITERAL_NULL_CONVERSION = YES;
				CLANG_WARN_OBJC_IMPLICIT_RETAIN_SELF = YES;
				CLANG_WARN_OBJC_LITERAL_CONVERSION = YES;
				CLANG_WARN_OBJC_ROOT_CLASS = YES_ERROR;
				CLANG_WARN_RANGE_LOOP_ANALYSIS = YES;
				CLANG_WARN_STRICT_PROTOTYPES = YES;
				CLANG_WARN_SUSPICIOUS_MOVE = YES;
				CLANG_WARN_UNGUARDED_AVAILABILITY = YES_AGGRESSIVE;
				CLANG_WARN_UNREACHABLE_CODE = YES;
				CLANG_WARN__DUPLICATE_METHOD_MATCH = YES;
				COPY_PHASE_STRIP = NO;
				DEBUG_INFORMATION_FORMAT = "dwarf-with-dsym";
				ENABLE_NS_ASSERTIONS = NO;
				ENABLE_STRICT_OBJC_MSGSEND = YES;
				GCC_C_LANGUAGE_STANDARD = gnu11;
				GCC_NO_COMMON_BLOCKS = YES;
				GCC_WARN_64_TO_32_BIT_CONVERSION = YES;
				GCC_WARN_ABOUT_RETURN_TYPE = YES_ERROR;
				GCC_WARN_UNDECLARED_SELECTOR = YES;
				GCC_WARN_UNINITIALIZED_AUTOS = YES_AGGRESSIVE;
				GCC_WARN_UNUSED_FUNCTION = YES;
				GCC_WARN_UNUSED_VARIABLE = YES;
				IPHONEOS_DEPLOYMENT_TARGET = 13.2;
				MTL_ENABLE_DEBUG_INFO = NO;
				MTL_FAST_MATH = YES;
				SDKROOT = iphoneos;
				SWIFT_COMPILATION_MODE = wholemodule;
				SWIFT_OPTIMIZATION_LEVEL = "-O";
				VALIDATE_PRODUCT = YES;
			};
			name = Release;
		};
		FCB12AF02421B54F0008D7AA /* Debug */ = {
			isa = XCBuildConfiguration;
			buildSettings = {
				ASSETCATALOG_COMPILER_APPICON_NAME = AppIcon;
				CODE_SIGN_STYLE = Automatic;
				DEVELOPMENT_TEAM = QBR3S92T2C;
				INFOPLIST_FILE = Project20/Info.plist;
				LD_RUNPATH_SEARCH_PATHS = (
					"$(inherited)",
					"@executable_path/Frameworks",
				);
				PRODUCT_BUNDLE_IDENTIFIER = com.example.Project20;
				PRODUCT_NAME = "$(TARGET_NAME)";
				SWIFT_VERSION = 5.0;
				TARGETED_DEVICE_FAMILY = 2;
			};
			name = Debug;
		};
		FCB12AF12421B54F0008D7AA /* Release */ = {
			isa = XCBuildConfiguration;
			buildSettings = {
				ASSETCATALOG_COMPILER_APPICON_NAME = AppIcon;
				CODE_SIGN_STYLE = Automatic;
				DEVELOPMENT_TEAM = QBR3S92T2C;
				INFOPLIST_FILE = Project20/Info.plist;
				LD_RUNPATH_SEARCH_PATHS = (
					"$(inherited)",
					"@executable_path/Frameworks",
				);
				PRODUCT_BUNDLE_IDENTIFIER = com.example.Project20;
				PRODUCT_NAME = "$(TARGET_NAME)";
				SWIFT_VERSION = 5.0;
				TARGETED_DEVICE_FAMILY = 2;
			};
			name = Release;
		};
/* End XCBuildConfiguration section */

/* Begin XCConfigurationList section */
		FCB12AD22421B54D0008D7AA /* Build configuration list for PBXProject "Project20" */ = {
			isa = XCConfigurationList;
			buildConfigurations = (
				FCB12AED2421B54F0008D7AA /* Debug */,
				FCB12AEE2421B54F0008D7AA /* Release */,
			);
			defaultConfigurationIsVisible = 0;
			defaultConfigurationName = Release;
		};
		FCB12AEF2421B54F0008D7AA /* Build configuration list for PBXNativeTarget "Project20" */ = {
			isa = XCConfigurationList;
			buildConfigurations = (
				FCB12AF02421B54F0008D7AA /* Debug */,
				FCB12AF12421B54F0008D7AA /* Release */,
			);
			defaultConfigurationIsVisible = 0;
			defaultConfigurationName = Release;
		};
/* End XCConfigurationList section */
	};
	rootObject = FCB12ACF2421B54D0008D7AA /* Project object */;
}
